// !$*UTF8*$!
{
	archiveVersion = 1;
	classes = {
	};
	objectVersion = 48;
	objects = {

/* Begin PBXBuildFile section */
		3C47F4682EF41CFEF2855D3D /* Pods_tv_demo.framework in Frameworks */ = {isa = PBXBuildFile; fileRef = 0890F46ECD4D100FE8342AB5 /* Pods_tv_demo.framework */; };
		3D8607551FD86CE2007E8431 /* Interface.storyboard in Resources */ = {isa = PBXBuildFile; fileRef = 3D8607531FD86CE2007E8431 /* Interface.storyboard */; };
		3D8607571FD86CE2007E8431 /* Assets.xcassets in Resources */ = {isa = PBXBuildFile; fileRef = 3D8607561FD86CE2007E8431 /* Assets.xcassets */; };
		3D86075E1FD86CE2007E8431 /* watch-demo Extension.appex in Embed App Extensions */ = {isa = PBXBuildFile; fileRef = 3D86075D1FD86CE2007E8431 /* watch-demo Extension.appex */; settings = {ATTRIBUTES = (RemoveHeadersOnCopy, ); }; };
		3D8607631FD86CE2007E8431 /* InterfaceController.swift in Sources */ = {isa = PBXBuildFile; fileRef = 3D8607621FD86CE2007E8431 /* InterfaceController.swift */; };
		3D8607651FD86CE2007E8431 /* ExtensionDelegate.swift in Sources */ = {isa = PBXBuildFile; fileRef = 3D8607641FD86CE2007E8431 /* ExtensionDelegate.swift */; };
		3D8607671FD86CE2007E8431 /* NotificationController.swift in Sources */ = {isa = PBXBuildFile; fileRef = 3D8607661FD86CE2007E8431 /* NotificationController.swift */; };
		3D8607691FD86CE2007E8431 /* Assets.xcassets in Resources */ = {isa = PBXBuildFile; fileRef = 3D8607681FD86CE2007E8431 /* Assets.xcassets */; };
		3D86077E1FD86F47007E8431 /* AppDelegate.swift in Sources */ = {isa = PBXBuildFile; fileRef = 3D86077D1FD86F47007E8431 /* AppDelegate.swift */; };
		3D8607801FD86F47007E8431 /* ViewController.swift in Sources */ = {isa = PBXBuildFile; fileRef = 3D86077F1FD86F47007E8431 /* ViewController.swift */; };
		3D8607831FD86F47007E8431 /* Main.storyboard in Resources */ = {isa = PBXBuildFile; fileRef = 3D8607811FD86F47007E8431 /* Main.storyboard */; };
		3D8607851FD86F47007E8431 /* Assets.xcassets in Resources */ = {isa = PBXBuildFile; fileRef = 3D8607841FD86F47007E8431 /* Assets.xcassets */; };
		3D8607881FD86F47007E8431 /* LaunchScreen.storyboard in Resources */ = {isa = PBXBuildFile; fileRef = 3D8607861FD86F47007E8431 /* LaunchScreen.storyboard */; };
		3D8607941FD87053007E8431 /* AppDelegate.swift in Sources */ = {isa = PBXBuildFile; fileRef = 3D8607931FD87053007E8431 /* AppDelegate.swift */; };
		3D8607961FD87053007E8431 /* ViewController.swift in Sources */ = {isa = PBXBuildFile; fileRef = 3D8607951FD87053007E8431 /* ViewController.swift */; };
		3D8607981FD87053007E8431 /* Assets.xcassets in Resources */ = {isa = PBXBuildFile; fileRef = 3D8607971FD87053007E8431 /* Assets.xcassets */; };
		3D86079B1FD87053007E8431 /* Main.storyboard in Resources */ = {isa = PBXBuildFile; fileRef = 3D8607991FD87053007E8431 /* Main.storyboard */; };
		3DB4FF4E1FD872DC00919CB6 /* AppDelegate.swift in Sources */ = {isa = PBXBuildFile; fileRef = 3DB4FF4D1FD872DC00919CB6 /* AppDelegate.swift */; };
		3DB4FF501FD872DC00919CB6 /* ViewController.swift in Sources */ = {isa = PBXBuildFile; fileRef = 3DB4FF4F1FD872DC00919CB6 /* ViewController.swift */; };
		3DB4FF531FD872DC00919CB6 /* Main.storyboard in Resources */ = {isa = PBXBuildFile; fileRef = 3DB4FF511FD872DC00919CB6 /* Main.storyboard */; };
		3DB4FF551FD872DC00919CB6 /* Assets.xcassets in Resources */ = {isa = PBXBuildFile; fileRef = 3DB4FF541FD872DC00919CB6 /* Assets.xcassets */; };
		3FE6C520B0F5833E6E6BF93A /* Pods_ios_demo.framework in Frameworks */ = {isa = PBXBuildFile; fileRef = 5C7BD9912BCF92347D695B84 /* Pods_ios_demo.framework */; };
		A495B7123AE0670EA72558E7 /* Pods_watch_demo_Extension.framework in Frameworks */ = {isa = PBXBuildFile; fileRef = 19D7F1D6F3F7B190305FAD1E /* Pods_watch_demo_Extension.framework */; };
		A7C26F27585D21FC096EA4E3 /* Pods_mac_demo.framework in Frameworks */ = {isa = PBXBuildFile; fileRef = E249C74F82FCF162370B6584 /* Pods_mac_demo.framework */; };
/* End PBXBuildFile section */

/* Begin PBXContainerItemProxy section */
		3D86075F1FD86CE2007E8431 /* PBXContainerItemProxy */ = {
			isa = PBXContainerItemProxy;
			containerPortal = 3D8607321FD86B8B007E8431 /* Project object */;
			proxyType = 1;
			remoteGlobalIDString = 3D86075C1FD86CE2007E8431;
			remoteInfo = "watch-demo Extension";
		};
/* End PBXContainerItemProxy section */

/* Begin PBXCopyFilesBuildPhase section */
		3D8607741FD86CE2007E8431 /* Embed App Extensions */ = {
			isa = PBXCopyFilesBuildPhase;
			buildActionMask = 2147483647;
			dstPath = "";
			dstSubfolderSpec = 13;
			files = (
				3D86075E1FD86CE2007E8431 /* watch-demo Extension.appex in Embed App Extensions */,
			);
			name = "Embed App Extensions";
			runOnlyForDeploymentPostprocessing = 0;
		};
/* End PBXCopyFilesBuildPhase section */

/* Begin PBXFileReference section */
		0890F46ECD4D100FE8342AB5 /* Pods_tv_demo.framework */ = {isa = PBXFileReference; explicitFileType = wrapper.framework; includeInIndex = 0; path = Pods_tv_demo.framework; sourceTree = BUILT_PRODUCTS_DIR; };
		16862D3334B7E3237D99CB37 /* Pods-mac-demo.release.xcconfig */ = {isa = PBXFileReference; includeInIndex = 1; lastKnownFileType = text.xcconfig; name = "Pods-mac-demo.release.xcconfig"; path = "Pods/Target Support Files/Pods-mac-demo/Pods-mac-demo.release.xcconfig"; sourceTree = "<group>"; };
		19D7F1D6F3F7B190305FAD1E /* Pods_watch_demo_Extension.framework */ = {isa = PBXFileReference; explicitFileType = wrapper.framework; includeInIndex = 0; path = Pods_watch_demo_Extension.framework; sourceTree = BUILT_PRODUCTS_DIR; };
		1A4FADF2ABD12597035EB609 /* Pods-tv-demo.debug.xcconfig */ = {isa = PBXFileReference; includeInIndex = 1; lastKnownFileType = text.xcconfig; name = "Pods-tv-demo.debug.xcconfig"; path = "Pods/Target Support Files/Pods-tv-demo/Pods-tv-demo.debug.xcconfig"; sourceTree = "<group>"; };
		3D8607511FD86CE2007E8431 /* watch-demo.app */ = {isa = PBXFileReference; explicitFileType = wrapper.application; includeInIndex = 0; path = "watch-demo.app"; sourceTree = BUILT_PRODUCTS_DIR; };
		3D8607541FD86CE2007E8431 /* Base */ = {isa = PBXFileReference; lastKnownFileType = file.storyboard; name = Base; path = Base.lproj/Interface.storyboard; sourceTree = "<group>"; };
		3D8607561FD86CE2007E8431 /* Assets.xcassets */ = {isa = PBXFileReference; lastKnownFileType = folder.assetcatalog; path = Assets.xcassets; sourceTree = "<group>"; };
		3D8607581FD86CE2007E8431 /* Info.plist */ = {isa = PBXFileReference; lastKnownFileType = text.plist.xml; path = Info.plist; sourceTree = "<group>"; };
		3D86075D1FD86CE2007E8431 /* watch-demo Extension.appex */ = {isa = PBXFileReference; explicitFileType = "wrapper.app-extension"; includeInIndex = 0; path = "watch-demo Extension.appex"; sourceTree = BUILT_PRODUCTS_DIR; };
		3D8607621FD86CE2007E8431 /* InterfaceController.swift */ = {isa = PBXFileReference; lastKnownFileType = sourcecode.swift; path = InterfaceController.swift; sourceTree = "<group>"; };
		3D8607641FD86CE2007E8431 /* ExtensionDelegate.swift */ = {isa = PBXFileReference; lastKnownFileType = sourcecode.swift; path = ExtensionDelegate.swift; sourceTree = "<group>"; };
		3D8607661FD86CE2007E8431 /* NotificationController.swift */ = {isa = PBXFileReference; lastKnownFileType = sourcecode.swift; path = NotificationController.swift; sourceTree = "<group>"; };
		3D8607681FD86CE2007E8431 /* Assets.xcassets */ = {isa = PBXFileReference; lastKnownFileType = folder.assetcatalog; path = Assets.xcassets; sourceTree = "<group>"; };
		3D86076A1FD86CE2007E8431 /* Info.plist */ = {isa = PBXFileReference; lastKnownFileType = text.plist.xml; path = Info.plist; sourceTree = "<group>"; };
		3D86076B1FD86CE2007E8431 /* PushNotificationPayload.apns */ = {isa = PBXFileReference; lastKnownFileType = text; path = PushNotificationPayload.apns; sourceTree = "<group>"; };
		3D86077B1FD86F47007E8431 /* ios-demo.app */ = {isa = PBXFileReference; explicitFileType = wrapper.application; includeInIndex = 0; path = "ios-demo.app"; sourceTree = BUILT_PRODUCTS_DIR; };
		3D86077D1FD86F47007E8431 /* AppDelegate.swift */ = {isa = PBXFileReference; lastKnownFileType = sourcecode.swift; path = AppDelegate.swift; sourceTree = "<group>"; };
		3D86077F1FD86F47007E8431 /* ViewController.swift */ = {isa = PBXFileReference; lastKnownFileType = sourcecode.swift; path = ViewController.swift; sourceTree = "<group>"; };
		3D8607821FD86F47007E8431 /* Base */ = {isa = PBXFileReference; lastKnownFileType = file.storyboard; name = Base; path = Base.lproj/Main.storyboard; sourceTree = "<group>"; };
		3D8607841FD86F47007E8431 /* Assets.xcassets */ = {isa = PBXFileReference; lastKnownFileType = folder.assetcatalog; path = Assets.xcassets; sourceTree = "<group>"; };
		3D8607871FD86F47007E8431 /* Base */ = {isa = PBXFileReference; lastKnownFileType = file.storyboard; name = Base; path = Base.lproj/LaunchScreen.storyboard; sourceTree = "<group>"; };
		3D8607891FD86F47007E8431 /* Info.plist */ = {isa = PBXFileReference; lastKnownFileType = text.plist.xml; path = Info.plist; sourceTree = "<group>"; };
		3D8607911FD87053007E8431 /* mac-demo.app */ = {isa = PBXFileReference; explicitFileType = wrapper.application; includeInIndex = 0; path = "mac-demo.app"; sourceTree = BUILT_PRODUCTS_DIR; };
		3D8607931FD87053007E8431 /* AppDelegate.swift */ = {isa = PBXFileReference; lastKnownFileType = sourcecode.swift; path = AppDelegate.swift; sourceTree = "<group>"; };
		3D8607951FD87053007E8431 /* ViewController.swift */ = {isa = PBXFileReference; lastKnownFileType = sourcecode.swift; path = ViewController.swift; sourceTree = "<group>"; };
		3D8607971FD87053007E8431 /* Assets.xcassets */ = {isa = PBXFileReference; lastKnownFileType = folder.assetcatalog; path = Assets.xcassets; sourceTree = "<group>"; };
		3D86079A1FD87053007E8431 /* Base */ = {isa = PBXFileReference; lastKnownFileType = file.storyboard; name = Base; path = Base.lproj/Main.storyboard; sourceTree = "<group>"; };
		3D86079C1FD87053007E8431 /* Info.plist */ = {isa = PBXFileReference; lastKnownFileType = text.plist.xml; path = Info.plist; sourceTree = "<group>"; };
		3D86079D1FD87053007E8431 /* mac_demo.entitlements */ = {isa = PBXFileReference; lastKnownFileType = text.plist.entitlements; path = mac_demo.entitlements; sourceTree = "<group>"; };
		3DB4FF4B1FD872DB00919CB6 /* tv-demo.app */ = {isa = PBXFileReference; explicitFileType = wrapper.application; includeInIndex = 0; path = "tv-demo.app"; sourceTree = BUILT_PRODUCTS_DIR; };
		3DB4FF4D1FD872DC00919CB6 /* AppDelegate.swift */ = {isa = PBXFileReference; lastKnownFileType = sourcecode.swift; path = AppDelegate.swift; sourceTree = "<group>"; };
		3DB4FF4F1FD872DC00919CB6 /* ViewController.swift */ = {isa = PBXFileReference; lastKnownFileType = sourcecode.swift; path = ViewController.swift; sourceTree = "<group>"; };
		3DB4FF521FD872DC00919CB6 /* Base */ = {isa = PBXFileReference; lastKnownFileType = file.storyboard; name = Base; path = Base.lproj/Main.storyboard; sourceTree = "<group>"; };
		3DB4FF541FD872DC00919CB6 /* Assets.xcassets */ = {isa = PBXFileReference; lastKnownFileType = folder.assetcatalog; path = Assets.xcassets; sourceTree = "<group>"; };
		3DB4FF561FD872DC00919CB6 /* Info.plist */ = {isa = PBXFileReference; lastKnownFileType = text.plist.xml; path = Info.plist; sourceTree = "<group>"; };
		5C7BD9912BCF92347D695B84 /* Pods_ios_demo.framework */ = {isa = PBXFileReference; explicitFileType = wrapper.framework; includeInIndex = 0; path = Pods_ios_demo.framework; sourceTree = BUILT_PRODUCTS_DIR; };
		5CBCA2926AE010A16A02D986 /* Pods-watch-demo Extension.debug.xcconfig */ = {isa = PBXFileReference; includeInIndex = 1; lastKnownFileType = text.xcconfig; name = "Pods-watch-demo Extension.debug.xcconfig"; path = "Pods/Target Support Files/Pods-watch-demo Extension/Pods-watch-demo Extension.debug.xcconfig"; sourceTree = "<group>"; };
		672B565040416202C01B0518 /* Pods-watch-demo Extension.release.xcconfig */ = {isa = PBXFileReference; includeInIndex = 1; lastKnownFileType = text.xcconfig; name = "Pods-watch-demo Extension.release.xcconfig"; path = "Pods/Target Support Files/Pods-watch-demo Extension/Pods-watch-demo Extension.release.xcconfig"; sourceTree = "<group>"; };
		6D298D3FA935FA0BF3203CD6 /* Pods-tv-demo.release.xcconfig */ = {isa = PBXFileReference; includeInIndex = 1; lastKnownFileType = text.xcconfig; name = "Pods-tv-demo.release.xcconfig"; path = "Pods/Target Support Files/Pods-tv-demo/Pods-tv-demo.release.xcconfig"; sourceTree = "<group>"; };
		864F998873D567435DD81F49 /* Pods_KingfisherTest.framework */ = {isa = PBXFileReference; explicitFileType = wrapper.framework; includeInIndex = 0; path = Pods_KingfisherTest.framework; sourceTree = BUILT_PRODUCTS_DIR; };
		88ACAAD331FA7800FA53404D /* Pods-ios-demo.release.xcconfig */ = {isa = PBXFileReference; includeInIndex = 1; lastKnownFileType = text.xcconfig; name = "Pods-ios-demo.release.xcconfig"; path = "Pods/Target Support Files/Pods-ios-demo/Pods-ios-demo.release.xcconfig"; sourceTree = "<group>"; };
		B368B91DE38202E20218B891 /* Pods-ios-demo.debug.xcconfig */ = {isa = PBXFileReference; includeInIndex = 1; lastKnownFileType = text.xcconfig; name = "Pods-ios-demo.debug.xcconfig"; path = "Pods/Target Support Files/Pods-ios-demo/Pods-ios-demo.debug.xcconfig"; sourceTree = "<group>"; };
		CADD284465FAE40AAE7836DB /* Pods-mac-demo.debug.xcconfig */ = {isa = PBXFileReference; includeInIndex = 1; lastKnownFileType = text.xcconfig; name = "Pods-mac-demo.debug.xcconfig"; path = "Pods/Target Support Files/Pods-mac-demo/Pods-mac-demo.debug.xcconfig"; sourceTree = "<group>"; };
		E249C74F82FCF162370B6584 /* Pods_mac_demo.framework */ = {isa = PBXFileReference; explicitFileType = wrapper.framework; includeInIndex = 0; path = Pods_mac_demo.framework; sourceTree = BUILT_PRODUCTS_DIR; };
/* End PBXFileReference section */

/* Begin PBXFrameworksBuildPhase section */
		1CC5033367856B9E22E0771C /* Frameworks */ = {
			isa = PBXFrameworksBuildPhase;
			buildActionMask = 2147483647;
			files = (
			);
			runOnlyForDeploymentPostprocessing = 0;
		};
		3D86075A1FD86CE2007E8431 /* Frameworks */ = {
			isa = PBXFrameworksBuildPhase;
			buildActionMask = 2147483647;
			files = (
				A495B7123AE0670EA72558E7 /* Pods_watch_demo_Extension.framework in Frameworks */,
			);
			runOnlyForDeploymentPostprocessing = 0;
		};
		3D8607781FD86F47007E8431 /* Frameworks */ = {
			isa = PBXFrameworksBuildPhase;
			buildActionMask = 2147483647;
			files = (
				3FE6C520B0F5833E6E6BF93A /* Pods_ios_demo.framework in Frameworks */,
			);
			runOnlyForDeploymentPostprocessing = 0;
		};
		3D86078E1FD87053007E8431 /* Frameworks */ = {
			isa = PBXFrameworksBuildPhase;
			buildActionMask = 2147483647;
			files = (
				A7C26F27585D21FC096EA4E3 /* Pods_mac_demo.framework in Frameworks */,
			);
			runOnlyForDeploymentPostprocessing = 0;
		};
		3DB4FF481FD872DB00919CB6 /* Frameworks */ = {
			isa = PBXFrameworksBuildPhase;
			buildActionMask = 2147483647;
			files = (
				3C47F4682EF41CFEF2855D3D /* Pods_tv_demo.framework in Frameworks */,
			);
			runOnlyForDeploymentPostprocessing = 0;
		};
/* End PBXFrameworksBuildPhase section */

/* Begin PBXGroup section */
		046A163453CFAB4AEF1055AA /* Pods */ = {
			isa = PBXGroup;
			children = (
				5CBCA2926AE010A16A02D986 /* Pods-watch-demo Extension.debug.xcconfig */,
				672B565040416202C01B0518 /* Pods-watch-demo Extension.release.xcconfig */,
				B368B91DE38202E20218B891 /* Pods-ios-demo.debug.xcconfig */,
				88ACAAD331FA7800FA53404D /* Pods-ios-demo.release.xcconfig */,
				CADD284465FAE40AAE7836DB /* Pods-mac-demo.debug.xcconfig */,
				16862D3334B7E3237D99CB37 /* Pods-mac-demo.release.xcconfig */,
				1A4FADF2ABD12597035EB609 /* Pods-tv-demo.debug.xcconfig */,
				6D298D3FA935FA0BF3203CD6 /* Pods-tv-demo.release.xcconfig */,
			);
			name = Pods;
			sourceTree = "<group>";
		};
		3D8607311FD86B8B007E8431 = {
			isa = PBXGroup;
			children = (
				3D8607521FD86CE2007E8431 /* watch-demo */,
				3D8607611FD86CE2007E8431 /* watch-demo Extension */,
				3D86077C1FD86F47007E8431 /* ios-demo */,
				3D8607921FD87053007E8431 /* mac-demo */,
				3DB4FF4C1FD872DC00919CB6 /* tv-demo */,
				3D86073B1FD86B8B007E8431 /* Products */,
				046A163453CFAB4AEF1055AA /* Pods */,
				96C88629F233BB24F63F69E0 /* Frameworks */,
			);
			sourceTree = "<group>";
		};
		3D86073B1FD86B8B007E8431 /* Products */ = {
			isa = PBXGroup;
			children = (
				3D8607511FD86CE2007E8431 /* watch-demo.app */,
				3D86075D1FD86CE2007E8431 /* watch-demo Extension.appex */,
				3D86077B1FD86F47007E8431 /* ios-demo.app */,
				3D8607911FD87053007E8431 /* mac-demo.app */,
				3DB4FF4B1FD872DB00919CB6 /* tv-demo.app */,
			);
			name = Products;
			sourceTree = "<group>";
		};
		3D8607521FD86CE2007E8431 /* watch-demo */ = {
			isa = PBXGroup;
			children = (
				3D8607531FD86CE2007E8431 /* Interface.storyboard */,
				3D8607561FD86CE2007E8431 /* Assets.xcassets */,
				3D8607581FD86CE2007E8431 /* Info.plist */,
			);
			path = "watch-demo";
			sourceTree = "<group>";
		};
		3D8607611FD86CE2007E8431 /* watch-demo Extension */ = {
			isa = PBXGroup;
			children = (
				3D8607621FD86CE2007E8431 /* InterfaceController.swift */,
				3D8607641FD86CE2007E8431 /* ExtensionDelegate.swift */,
				3D8607661FD86CE2007E8431 /* NotificationController.swift */,
				3D8607681FD86CE2007E8431 /* Assets.xcassets */,
				3D86076A1FD86CE2007E8431 /* Info.plist */,
				3D86076B1FD86CE2007E8431 /* PushNotificationPayload.apns */,
			);
			path = "watch-demo Extension";
			sourceTree = "<group>";
		};
		3D86077C1FD86F47007E8431 /* ios-demo */ = {
			isa = PBXGroup;
			children = (
				3D86077D1FD86F47007E8431 /* AppDelegate.swift */,
				3D86077F1FD86F47007E8431 /* ViewController.swift */,
				3D8607811FD86F47007E8431 /* Main.storyboard */,
				3D8607841FD86F47007E8431 /* Assets.xcassets */,
				3D8607861FD86F47007E8431 /* LaunchScreen.storyboard */,
				3D8607891FD86F47007E8431 /* Info.plist */,
			);
			path = "ios-demo";
			sourceTree = "<group>";
		};
		3D8607921FD87053007E8431 /* mac-demo */ = {
			isa = PBXGroup;
			children = (
				3D8607931FD87053007E8431 /* AppDelegate.swift */,
				3D8607951FD87053007E8431 /* ViewController.swift */,
				3D8607971FD87053007E8431 /* Assets.xcassets */,
				3D8607991FD87053007E8431 /* Main.storyboard */,
				3D86079C1FD87053007E8431 /* Info.plist */,
				3D86079D1FD87053007E8431 /* mac_demo.entitlements */,
			);
			path = "mac-demo";
			sourceTree = "<group>";
		};
		3DB4FF4C1FD872DC00919CB6 /* tv-demo */ = {
			isa = PBXGroup;
			children = (
				3DB4FF4D1FD872DC00919CB6 /* AppDelegate.swift */,
				3DB4FF4F1FD872DC00919CB6 /* ViewController.swift */,
				3DB4FF511FD872DC00919CB6 /* Main.storyboard */,
				3DB4FF541FD872DC00919CB6 /* Assets.xcassets */,
				3DB4FF561FD872DC00919CB6 /* Info.plist */,
			);
			path = "tv-demo";
			sourceTree = "<group>";
		};
		96C88629F233BB24F63F69E0 /* Frameworks */ = {
			isa = PBXGroup;
			children = (
				864F998873D567435DD81F49 /* Pods_KingfisherTest.framework */,
				19D7F1D6F3F7B190305FAD1E /* Pods_watch_demo_Extension.framework */,
				5C7BD9912BCF92347D695B84 /* Pods_ios_demo.framework */,
				E249C74F82FCF162370B6584 /* Pods_mac_demo.framework */,
				0890F46ECD4D100FE8342AB5 /* Pods_tv_demo.framework */,
			);
			name = Frameworks;
			sourceTree = "<group>";
		};
/* End PBXGroup section */

/* Begin PBXNativeTarget section */
		3D8607501FD86CE2007E8431 /* watch-demo */ = {
			isa = PBXNativeTarget;
			buildConfigurationList = 3D8607751FD86CE2007E8431 /* Build configuration list for PBXNativeTarget "watch-demo" */;
			buildPhases = (
				3D86074F1FD86CE2007E8431 /* Resources */,
				3D8607741FD86CE2007E8431 /* Embed App Extensions */,
				1CC5033367856B9E22E0771C /* Frameworks */,
			);
			buildRules = (
			);
			dependencies = (
				3D8607601FD86CE2007E8431 /* PBXTargetDependency */,
			);
			name = "watch-demo";
			productName = "watch-demo";
			productReference = 3D8607511FD86CE2007E8431 /* watch-demo.app */;
			productType = "com.apple.product-type.application.watchapp2";
		};
		3D86075C1FD86CE2007E8431 /* watch-demo Extension */ = {
			isa = PBXNativeTarget;
			buildConfigurationList = 3D8607731FD86CE2007E8431 /* Build configuration list for PBXNativeTarget "watch-demo Extension" */;
			buildPhases = (
				A84F96C3C24559FD79B8E759 /* [CP] Check Pods Manifest.lock */,
				3D8607591FD86CE2007E8431 /* Sources */,
				3D86075A1FD86CE2007E8431 /* Frameworks */,
				3D86075B1FD86CE2007E8431 /* Resources */,
				4ACAADE4FCD3F0A9D54D7E25 /* [CP] Embed Pods Frameworks */,
				94BF096343361E2F50C3EE1D /* [CP] Copy Pods Resources */,
			);
			buildRules = (
			);
			dependencies = (
			);
			name = "watch-demo Extension";
			productName = "watch-demo Extension";
			productReference = 3D86075D1FD86CE2007E8431 /* watch-demo Extension.appex */;
			productType = "com.apple.product-type.watchkit2-extension";
		};
		3D86077A1FD86F47007E8431 /* ios-demo */ = {
			isa = PBXNativeTarget;
			buildConfigurationList = 3D86078C1FD86F47007E8431 /* Build configuration list for PBXNativeTarget "ios-demo" */;
			buildPhases = (
				ECB42C8A0BA30976C49F12C7 /* [CP] Check Pods Manifest.lock */,
				3D8607771FD86F47007E8431 /* Sources */,
				3D8607781FD86F47007E8431 /* Frameworks */,
				3D8607791FD86F47007E8431 /* Resources */,
				585D1CCA14C6A4E47DD3F1A7 /* [CP] Embed Pods Frameworks */,
				551F93D45A836EA8F6B4A80E /* [CP] Copy Pods Resources */,
			);
			buildRules = (
			);
			dependencies = (
			);
			name = "ios-demo";
			productName = "ios-demo";
			productReference = 3D86077B1FD86F47007E8431 /* ios-demo.app */;
			productType = "com.apple.product-type.application";
		};
		3D8607901FD87053007E8431 /* mac-demo */ = {
			isa = PBXNativeTarget;
			buildConfigurationList = 3D86079E1FD87053007E8431 /* Build configuration list for PBXNativeTarget "mac-demo" */;
			buildPhases = (
				1ECABEAE4F96D1E1E100695C /* [CP] Check Pods Manifest.lock */,
				3D86078D1FD87053007E8431 /* Sources */,
				3D86078E1FD87053007E8431 /* Frameworks */,
				3D86078F1FD87053007E8431 /* Resources */,
				940E9FB241C5B7DE41F3FA0D /* [CP] Embed Pods Frameworks */,
				F6D4B38ED1125EF19B88C443 /* [CP] Copy Pods Resources */,
			);
			buildRules = (
			);
			dependencies = (
			);
			name = "mac-demo";
			productName = "mac-demo";
			productReference = 3D8607911FD87053007E8431 /* mac-demo.app */;
			productType = "com.apple.product-type.application";
		};
		3DB4FF4A1FD872DB00919CB6 /* tv-demo */ = {
			isa = PBXNativeTarget;
			buildConfigurationList = 3DB4FF591FD872DC00919CB6 /* Build configuration list for PBXNativeTarget "tv-demo" */;
			buildPhases = (
				2339884BE1FD9AB598653058 /* [CP] Check Pods Manifest.lock */,
				3DB4FF471FD872DB00919CB6 /* Sources */,
				3DB4FF481FD872DB00919CB6 /* Frameworks */,
				3DB4FF491FD872DB00919CB6 /* Resources */,
				DCA7B822F6086CD019E001C5 /* [CP] Embed Pods Frameworks */,
				D8C50A60EB5E224CB2FCA638 /* [CP] Copy Pods Resources */,
			);
			buildRules = (
			);
			dependencies = (
			);
			name = "tv-demo";
			productName = "tv-demo";
			productReference = 3DB4FF4B1FD872DB00919CB6 /* tv-demo.app */;
			productType = "com.apple.product-type.application";
		};
/* End PBXNativeTarget section */

/* Begin PBXProject section */
		3D8607321FD86B8B007E8431 /* Project object */ = {
			isa = PBXProject;
			attributes = {
				LastSwiftUpdateCheck = 0910;
				LastUpgradeCheck = 0910;
				ORGANIZATIONNAME = "张奇";
				TargetAttributes = {
					3D8607501FD86CE2007E8431 = {
						CreatedOnToolsVersion = 9.1;
						ProvisioningStyle = Automatic;
					};
					3D86075C1FD86CE2007E8431 = {
						CreatedOnToolsVersion = 9.1;
						ProvisioningStyle = Automatic;
					};
					3D86077A1FD86F47007E8431 = {
						CreatedOnToolsVersion = 9.1;
						ProvisioningStyle = Automatic;
					};
					3D8607901FD87053007E8431 = {
						CreatedOnToolsVersion = 9.1;
						ProvisioningStyle = Automatic;
					};
					3DB4FF4A1FD872DB00919CB6 = {
						CreatedOnToolsVersion = 9.1;
						ProvisioningStyle = Automatic;
					};
				};
			};
			buildConfigurationList = 3D8607351FD86B8B007E8431 /* Build configuration list for PBXProject "KingfisherTest" */;
			compatibilityVersion = "Xcode 8.0";
			developmentRegion = en;
			hasScannedForEncodings = 0;
			knownRegions = (
				en,
				Base,
			);
			mainGroup = 3D8607311FD86B8B007E8431;
			productRefGroup = 3D86073B1FD86B8B007E8431 /* Products */;
			projectDirPath = "";
			projectRoot = "";
			targets = (
				3D8607501FD86CE2007E8431 /* watch-demo */,
				3D86075C1FD86CE2007E8431 /* watch-demo Extension */,
				3D86077A1FD86F47007E8431 /* ios-demo */,
				3D8607901FD87053007E8431 /* mac-demo */,
				3DB4FF4A1FD872DB00919CB6 /* tv-demo */,
			);
		};
/* End PBXProject section */

/* Begin PBXResourcesBuildPhase section */
		3D86074F1FD86CE2007E8431 /* Resources */ = {
			isa = PBXResourcesBuildPhase;
			buildActionMask = 2147483647;
			files = (
				3D8607571FD86CE2007E8431 /* Assets.xcassets in Resources */,
				3D8607551FD86CE2007E8431 /* Interface.storyboard in Resources */,
			);
			runOnlyForDeploymentPostprocessing = 0;
		};
		3D86075B1FD86CE2007E8431 /* Resources */ = {
			isa = PBXResourcesBuildPhase;
			buildActionMask = 2147483647;
			files = (
				3D8607691FD86CE2007E8431 /* Assets.xcassets in Resources */,
			);
			runOnlyForDeploymentPostprocessing = 0;
		};
		3D8607791FD86F47007E8431 /* Resources */ = {
			isa = PBXResourcesBuildPhase;
			buildActionMask = 2147483647;
			files = (
				3D8607881FD86F47007E8431 /* LaunchScreen.storyboard in Resources */,
				3D8607851FD86F47007E8431 /* Assets.xcassets in Resources */,
				3D8607831FD86F47007E8431 /* Main.storyboard in Resources */,
			);
			runOnlyForDeploymentPostprocessing = 0;
		};
		3D86078F1FD87053007E8431 /* Resources */ = {
			isa = PBXResourcesBuildPhase;
			buildActionMask = 2147483647;
			files = (
				3D8607981FD87053007E8431 /* Assets.xcassets in Resources */,
				3D86079B1FD87053007E8431 /* Main.storyboard in Resources */,
			);
			runOnlyForDeploymentPostprocessing = 0;
		};
		3DB4FF491FD872DB00919CB6 /* Resources */ = {
			isa = PBXResourcesBuildPhase;
			buildActionMask = 2147483647;
			files = (
				3DB4FF551FD872DC00919CB6 /* Assets.xcassets in Resources */,
				3DB4FF531FD872DC00919CB6 /* Main.storyboard in Resources */,
			);
			runOnlyForDeploymentPostprocessing = 0;
		};
/* End PBXResourcesBuildPhase section */

/* Begin PBXShellScriptBuildPhase section */
		1ECABEAE4F96D1E1E100695C /* [CP] Check Pods Manifest.lock */ = {
			isa = PBXShellScriptBuildPhase;
			buildActionMask = 2147483647;
			files = (
			);
			inputPaths = (
				"${PODS_PODFILE_DIR_PATH}/Podfile.lock",
				"${PODS_ROOT}/Manifest.lock",
			);
			name = "[CP] Check Pods Manifest.lock";
			outputPaths = (
				"$(DERIVED_FILE_DIR)/Pods-mac-demo-checkManifestLockResult.txt",
			);
			runOnlyForDeploymentPostprocessing = 0;
			shellPath = /bin/sh;
			shellScript = "diff \"${PODS_PODFILE_DIR_PATH}/Podfile.lock\" \"${PODS_ROOT}/Manifest.lock\" > /dev/null\nif [ $? != 0 ] ; then\n    # print error to STDERR\n    echo \"error: The sandbox is not in sync with the Podfile.lock. Run 'pod install' or update your CocoaPods installation.\" >&2\n    exit 1\nfi\n# This output is used by Xcode 'outputs' to avoid re-running this script phase.\necho \"SUCCESS\" > \"${SCRIPT_OUTPUT_FILE_0}\"\n";
			showEnvVarsInLog = 0;
		};
		2339884BE1FD9AB598653058 /* [CP] Check Pods Manifest.lock */ = {
			isa = PBXShellScriptBuildPhase;
			buildActionMask = 2147483647;
			files = (
			);
			inputPaths = (
				"${PODS_PODFILE_DIR_PATH}/Podfile.lock",
				"${PODS_ROOT}/Manifest.lock",
			);
			name = "[CP] Check Pods Manifest.lock";
			outputPaths = (
				"$(DERIVED_FILE_DIR)/Pods-tv-demo-checkManifestLockResult.txt",
			);
			runOnlyForDeploymentPostprocessing = 0;
			shellPath = /bin/sh;
			shellScript = "diff \"${PODS_PODFILE_DIR_PATH}/Podfile.lock\" \"${PODS_ROOT}/Manifest.lock\" > /dev/null\nif [ $? != 0 ] ; then\n    # print error to STDERR\n    echo \"error: The sandbox is not in sync with the Podfile.lock. Run 'pod install' or update your CocoaPods installation.\" >&2\n    exit 1\nfi\n# This output is used by Xcode 'outputs' to avoid re-running this script phase.\necho \"SUCCESS\" > \"${SCRIPT_OUTPUT_FILE_0}\"\n";
			showEnvVarsInLog = 0;
		};
		4ACAADE4FCD3F0A9D54D7E25 /* [CP] Embed Pods Frameworks */ = {
			isa = PBXShellScriptBuildPhase;
			buildActionMask = 2147483647;
			files = (
			);
			inputPaths = (
				"${SRCROOT}/Pods/Target Support Files/Pods-watch-demo Extension/Pods-watch-demo Extension-frameworks.sh",
				"${BUILT_PRODUCTS_DIR}/Alamofire-watchOS/Alamofire.framework",
				"${BUILT_PRODUCTS_DIR}/Kingfisher-watchOS/Kingfisher.framework",
			);
			name = "[CP] Embed Pods Frameworks";
			outputPaths = (
				"${TARGET_BUILD_DIR}/${FRAMEWORKS_FOLDER_PATH}/Alamofire.framework",
				"${TARGET_BUILD_DIR}/${FRAMEWORKS_FOLDER_PATH}/Kingfisher.framework",
			);
			runOnlyForDeploymentPostprocessing = 0;
			shellPath = /bin/sh;
			shellScript = "\"${SRCROOT}/Pods/Target Support Files/Pods-watch-demo Extension/Pods-watch-demo Extension-frameworks.sh\"\n";
			showEnvVarsInLog = 0;
		};
		551F93D45A836EA8F6B4A80E /* [CP] Copy Pods Resources */ = {
			isa = PBXShellScriptBuildPhase;
			buildActionMask = 2147483647;
			files = (
			);
			inputPaths = (
			);
			name = "[CP] Copy Pods Resources";
			outputPaths = (
			);
			runOnlyForDeploymentPostprocessing = 0;
			shellPath = /bin/sh;
			shellScript = "\"${SRCROOT}/Pods/Target Support Files/Pods-ios-demo/Pods-ios-demo-resources.sh\"\n";
			showEnvVarsInLog = 0;
		};
		585D1CCA14C6A4E47DD3F1A7 /* [CP] Embed Pods Frameworks */ = {
			isa = PBXShellScriptBuildPhase;
			buildActionMask = 2147483647;
			files = (
			);
			inputPaths = (
				"${SRCROOT}/Pods/Target Support Files/Pods-ios-demo/Pods-ios-demo-frameworks.sh",
				"${BUILT_PRODUCTS_DIR}/Alamofire-iOS/Alamofire.framework",
				"${BUILT_PRODUCTS_DIR}/Kingfisher-iOS/Kingfisher.framework",
			);
			name = "[CP] Embed Pods Frameworks";
			outputPaths = (
				"${TARGET_BUILD_DIR}/${FRAMEWORKS_FOLDER_PATH}/Alamofire.framework",
				"${TARGET_BUILD_DIR}/${FRAMEWORKS_FOLDER_PATH}/Kingfisher.framework",
			);
			runOnlyForDeploymentPostprocessing = 0;
			shellPath = /bin/sh;
			shellScript = "\"${SRCROOT}/Pods/Target Support Files/Pods-ios-demo/Pods-ios-demo-frameworks.sh\"\n";
			showEnvVarsInLog = 0;
		};
		940E9FB241C5B7DE41F3FA0D /* [CP] Embed Pods Frameworks */ = {
			isa = PBXShellScriptBuildPhase;
			buildActionMask = 2147483647;
			files = (
			);
			inputPaths = (
				"${SRCROOT}/Pods/Target Support Files/Pods-mac-demo/Pods-mac-demo-frameworks.sh",
				"${BUILT_PRODUCTS_DIR}/Alamofire-macOS/Alamofire.framework",
				"${BUILT_PRODUCTS_DIR}/Kingfisher-macOS/Kingfisher.framework",
			);
			name = "[CP] Embed Pods Frameworks";
			outputPaths = (
				"${TARGET_BUILD_DIR}/${FRAMEWORKS_FOLDER_PATH}/Alamofire.framework",
				"${TARGET_BUILD_DIR}/${FRAMEWORKS_FOLDER_PATH}/Kingfisher.framework",
			);
			runOnlyForDeploymentPostprocessing = 0;
			shellPath = /bin/sh;
			shellScript = "\"${SRCROOT}/Pods/Target Support Files/Pods-mac-demo/Pods-mac-demo-frameworks.sh\"\n";
			showEnvVarsInLog = 0;
		};
		94BF096343361E2F50C3EE1D /* [CP] Copy Pods Resources */ = {
			isa = PBXShellScriptBuildPhase;
			buildActionMask = 2147483647;
			files = (
			);
			inputPaths = (
			);
			name = "[CP] Copy Pods Resources";
			outputPaths = (
			);
			runOnlyForDeploymentPostprocessing = 0;
			shellPath = /bin/sh;
			shellScript = "\"${SRCROOT}/Pods/Target Support Files/Pods-watch-demo Extension/Pods-watch-demo Extension-resources.sh\"\n";
			showEnvVarsInLog = 0;
		};
		A84F96C3C24559FD79B8E759 /* [CP] Check Pods Manifest.lock */ = {
			isa = PBXShellScriptBuildPhase;
			buildActionMask = 2147483647;
			files = (
			);
			inputPaths = (
				"${PODS_PODFILE_DIR_PATH}/Podfile.lock",
				"${PODS_ROOT}/Manifest.lock",
			);
			name = "[CP] Check Pods Manifest.lock";
			outputPaths = (
				"$(DERIVED_FILE_DIR)/Pods-watch-demo Extension-checkManifestLockResult.txt",
			);
			runOnlyForDeploymentPostprocessing = 0;
			shellPath = /bin/sh;
			shellScript = "diff \"${PODS_PODFILE_DIR_PATH}/Podfile.lock\" \"${PODS_ROOT}/Manifest.lock\" > /dev/null\nif [ $? != 0 ] ; then\n    # print error to STDERR\n    echo \"error: The sandbox is not in sync with the Podfile.lock. Run 'pod install' or update your CocoaPods installation.\" >&2\n    exit 1\nfi\n# This output is used by Xcode 'outputs' to avoid re-running this script phase.\necho \"SUCCESS\" > \"${SCRIPT_OUTPUT_FILE_0}\"\n";
			showEnvVarsInLog = 0;
		};
		D8C50A60EB5E224CB2FCA638 /* [CP] Copy Pods Resources */ = {
			isa = PBXShellScriptBuildPhase;
			buildActionMask = 2147483647;
			files = (
			);
			inputPaths = (
			);
			name = "[CP] Copy Pods Resources";
			outputPaths = (
			);
			runOnlyForDeploymentPostprocessing = 0;
			shellPath = /bin/sh;
			shellScript = "\"${SRCROOT}/Pods/Target Support Files/Pods-tv-demo/Pods-tv-demo-resources.sh\"\n";
			showEnvVarsInLog = 0;
		};
		DCA7B822F6086CD019E001C5 /* [CP] Embed Pods Frameworks */ = {
			isa = PBXShellScriptBuildPhase;
			buildActionMask = 2147483647;
			files = (
			);
			inputPaths = (
				"${SRCROOT}/Pods/Target Support Files/Pods-tv-demo/Pods-tv-demo-frameworks.sh",
				"${BUILT_PRODUCTS_DIR}/Alamofire-tvOS/Alamofire.framework",
				"${BUILT_PRODUCTS_DIR}/Kingfisher-tvOS/Kingfisher.framework",
			);
			name = "[CP] Embed Pods Frameworks";
			outputPaths = (
				"${TARGET_BUILD_DIR}/${FRAMEWORKS_FOLDER_PATH}/Alamofire.framework",
				"${TARGET_BUILD_DIR}/${FRAMEWORKS_FOLDER_PATH}/Kingfisher.framework",
			);
			runOnlyForDeploymentPostprocessing = 0;
			shellPath = /bin/sh;
			shellScript = "\"${SRCROOT}/Pods/Target Support Files/Pods-tv-demo/Pods-tv-demo-frameworks.sh\"\n";
			showEnvVarsInLog = 0;
		};
		ECB42C8A0BA30976C49F12C7 /* [CP] Check Pods Manifest.lock */ = {
			isa = PBXShellScriptBuildPhase;
			buildActionMask = 2147483647;
			files = (
			);
			inputPaths = (
				"${PODS_PODFILE_DIR_PATH}/Podfile.lock",
				"${PODS_ROOT}/Manifest.lock",
			);
			name = "[CP] Check Pods Manifest.lock";
			outputPaths = (
				"$(DERIVED_FILE_DIR)/Pods-ios-demo-checkManifestLockResult.txt",
			);
			runOnlyForDeploymentPostprocessing = 0;
			shellPath = /bin/sh;
			shellScript = "diff \"${PODS_PODFILE_DIR_PATH}/Podfile.lock\" \"${PODS_ROOT}/Manifest.lock\" > /dev/null\nif [ $? != 0 ] ; then\n    # print error to STDERR\n    echo \"error: The sandbox is not in sync with the Podfile.lock. Run 'pod install' or update your CocoaPods installation.\" >&2\n    exit 1\nfi\n# This output is used by Xcode 'outputs' to avoid re-running this script phase.\necho \"SUCCESS\" > \"${SCRIPT_OUTPUT_FILE_0}\"\n";
			showEnvVarsInLog = 0;
		};
		F6D4B38ED1125EF19B88C443 /* [CP] Copy Pods Resources */ = {
			isa = PBXShellScriptBuildPhase;
			buildActionMask = 2147483647;
			files = (
			);
			inputPaths = (
			);
			name = "[CP] Copy Pods Resources";
			outputPaths = (
			);
			runOnlyForDeploymentPostprocessing = 0;
			shellPath = /bin/sh;
			shellScript = "\"${SRCROOT}/Pods/Target Support Files/Pods-mac-demo/Pods-mac-demo-resources.sh\"\n";
			showEnvVarsInLog = 0;
		};
/* End PBXShellScriptBuildPhase section */

/* Begin PBXSourcesBuildPhase section */
		3D8607591FD86CE2007E8431 /* Sources */ = {
			isa = PBXSourcesBuildPhase;
			buildActionMask = 2147483647;
			files = (
				3D8607671FD86CE2007E8431 /* NotificationController.swift in Sources */,
				3D8607651FD86CE2007E8431 /* ExtensionDelegate.swift in Sources */,
				3D8607631FD86CE2007E8431 /* InterfaceController.swift in Sources */,
			);
			runOnlyForDeploymentPostprocessing = 0;
		};
		3D8607771FD86F47007E8431 /* Sources */ = {
			isa = PBXSourcesBuildPhase;
			buildActionMask = 2147483647;
			files = (
				3D8607801FD86F47007E8431 /* ViewController.swift in Sources */,
				3D86077E1FD86F47007E8431 /* AppDelegate.swift in Sources */,
			);
			runOnlyForDeploymentPostprocessing = 0;
		};
		3D86078D1FD87053007E8431 /* Sources */ = {
			isa = PBXSourcesBuildPhase;
			buildActionMask = 2147483647;
			files = (
				3D8607961FD87053007E8431 /* ViewController.swift in Sources */,
				3D8607941FD87053007E8431 /* AppDelegate.swift in Sources */,
			);
			runOnlyForDeploymentPostprocessing = 0;
		};
		3DB4FF471FD872DB00919CB6 /* Sources */ = {
			isa = PBXSourcesBuildPhase;
			buildActionMask = 2147483647;
			files = (
				3DB4FF501FD872DC00919CB6 /* ViewController.swift in Sources */,
				3DB4FF4E1FD872DC00919CB6 /* AppDelegate.swift in Sources */,
			);
			runOnlyForDeploymentPostprocessing = 0;
		};
/* End PBXSourcesBuildPhase section */

/* Begin PBXTargetDependency section */
		3D8607601FD86CE2007E8431 /* PBXTargetDependency */ = {
			isa = PBXTargetDependency;
			target = 3D86075C1FD86CE2007E8431 /* watch-demo Extension */;
			targetProxy = 3D86075F1FD86CE2007E8431 /* PBXContainerItemProxy */;
		};
/* End PBXTargetDependency section */

/* Begin PBXVariantGroup section */
		3D8607531FD86CE2007E8431 /* Interface.storyboard */ = {
			isa = PBXVariantGroup;
			children = (
				3D8607541FD86CE2007E8431 /* Base */,
			);
			name = Interface.storyboard;
			sourceTree = "<group>";
		};
		3D8607811FD86F47007E8431 /* Main.storyboard */ = {
			isa = PBXVariantGroup;
			children = (
				3D8607821FD86F47007E8431 /* Base */,
			);
			name = Main.storyboard;
			sourceTree = "<group>";
		};
		3D8607861FD86F47007E8431 /* LaunchScreen.storyboard */ = {
			isa = PBXVariantGroup;
			children = (
				3D8607871FD86F47007E8431 /* Base */,
			);
			name = LaunchScreen.storyboard;
			sourceTree = "<group>";
		};
		3D8607991FD87053007E8431 /* Main.storyboard */ = {
			isa = PBXVariantGroup;
			children = (
				3D86079A1FD87053007E8431 /* Base */,
			);
			name = Main.storyboard;
			sourceTree = "<group>";
		};
		3DB4FF511FD872DC00919CB6 /* Main.storyboard */ = {
			isa = PBXVariantGroup;
			children = (
				3DB4FF521FD872DC00919CB6 /* Base */,
			);
			name = Main.storyboard;
			sourceTree = "<group>";
		};
/* End PBXVariantGroup section */

/* Begin XCBuildConfiguration section */
		3D86074A1FD86B8B007E8431 /* Debug */ = {
			isa = XCBuildConfiguration;
			buildSettings = {
				ALWAYS_SEARCH_USER_PATHS = NO;
				CLANG_ANALYZER_NONNULL = YES;
				CLANG_ANALYZER_NUMBER_OBJECT_CONVERSION = YES_AGGRESSIVE;
				CLANG_CXX_LANGUAGE_STANDARD = "gnu++14";
				CLANG_CXX_LIBRARY = "libc++";
				CLANG_ENABLE_MODULES = YES;
				CLANG_ENABLE_OBJC_ARC = YES;
				CLANG_WARN_BLOCK_CAPTURE_AUTORELEASING = YES;
				CLANG_WARN_BOOL_CONVERSION = YES;
				CLANG_WARN_COMMA = YES;
				CLANG_WARN_CONSTANT_CONVERSION = YES;
				CLANG_WARN_DIRECT_OBJC_ISA_USAGE = YES_ERROR;
				CLANG_WARN_DOCUMENTATION_COMMENTS = YES;
				CLANG_WARN_EMPTY_BODY = YES;
				CLANG_WARN_ENUM_CONVERSION = YES;
				CLANG_WARN_INFINITE_RECURSION = YES;
				CLANG_WARN_INT_CONVERSION = YES;
				CLANG_WARN_NON_LITERAL_NULL_CONVERSION = YES;
				CLANG_WARN_OBJC_LITERAL_CONVERSION = YES;
				CLANG_WARN_OBJC_ROOT_CLASS = YES_ERROR;
				CLANG_WARN_RANGE_LOOP_ANALYSIS = YES;
				CLANG_WARN_STRICT_PROTOTYPES = YES;
				CLANG_WARN_SUSPICIOUS_MOVE = YES;
				CLANG_WARN_UNGUARDED_AVAILABILITY = YES_AGGRESSIVE;
				CLANG_WARN_UNREACHABLE_CODE = YES;
				CLANG_WARN__DUPLICATE_METHOD_MATCH = YES;
				CODE_SIGN_IDENTITY = "iPhone Developer";
				COPY_PHASE_STRIP = NO;
				DEBUG_INFORMATION_FORMAT = dwarf;
				ENABLE_STRICT_OBJC_MSGSEND = YES;
				ENABLE_TESTABILITY = YES;
				GCC_C_LANGUAGE_STANDARD = gnu11;
				GCC_DYNAMIC_NO_PIC = NO;
				GCC_NO_COMMON_BLOCKS = YES;
				GCC_OPTIMIZATION_LEVEL = 0;
				GCC_PREPROCESSOR_DEFINITIONS = (
					"DEBUG=1",
					"$(inherited)",
				);
				GCC_WARN_64_TO_32_BIT_CONVERSION = YES;
				GCC_WARN_ABOUT_RETURN_TYPE = YES_ERROR;
				GCC_WARN_UNDECLARED_SELECTOR = YES;
				GCC_WARN_UNINITIALIZED_AUTOS = YES_AGGRESSIVE;
				GCC_WARN_UNUSED_FUNCTION = YES;
				GCC_WARN_UNUSED_VARIABLE = YES;
				IPHONEOS_DEPLOYMENT_TARGET = 11.1;
				MTL_ENABLE_DEBUG_INFO = YES;
				ONLY_ACTIVE_ARCH = YES;
				SDKROOT = iphoneos;
				SWIFT_ACTIVE_COMPILATION_CONDITIONS = DEBUG;
				SWIFT_OPTIMIZATION_LEVEL = "-Onone";
			};
			name = Debug;
		};
		3D86074B1FD86B8B007E8431 /* Release */ = {
			isa = XCBuildConfiguration;
			buildSettings = {
				ALWAYS_SEARCH_USER_PATHS = NO;
				CLANG_ANALYZER_NONNULL = YES;
				CLANG_ANALYZER_NUMBER_OBJECT_CONVERSION = YES_AGGRESSIVE;
				CLANG_CXX_LANGUAGE_STANDARD = "gnu++14";
				CLANG_CXX_LIBRARY = "libc++";
				CLANG_ENABLE_MODULES = YES;
				CLANG_ENABLE_OBJC_ARC = YES;
				CLANG_WARN_BLOCK_CAPTURE_AUTORELEASING = YES;
				CLANG_WARN_BOOL_CONVERSION = YES;
				CLANG_WARN_COMMA = YES;
				CLANG_WARN_CONSTANT_CONVERSION = YES;
				CLANG_WARN_DIRECT_OBJC_ISA_USAGE = YES_ERROR;
				CLANG_WARN_DOCUMENTATION_COMMENTS = YES;
				CLANG_WARN_EMPTY_BODY = YES;
				CLANG_WARN_ENUM_CONVERSION = YES;
				CLANG_WARN_INFINITE_RECURSION = YES;
				CLANG_WARN_INT_CONVERSION = YES;
				CLANG_WARN_NON_LITERAL_NULL_CONVERSION = YES;
				CLANG_WARN_OBJC_LITERAL_CONVERSION = YES;
				CLANG_WARN_OBJC_ROOT_CLASS = YES_ERROR;
				CLANG_WARN_RANGE_LOOP_ANALYSIS = YES;
				CLANG_WARN_STRICT_PROTOTYPES = YES;
				CLANG_WARN_SUSPICIOUS_MOVE = YES;
				CLANG_WARN_UNGUARDED_AVAILABILITY = YES_AGGRESSIVE;
				CLANG_WARN_UNREACHABLE_CODE = YES;
				CLANG_WARN__DUPLICATE_METHOD_MATCH = YES;
				CODE_SIGN_IDENTITY = "iPhone Developer";
				COPY_PHASE_STRIP = NO;
				DEBUG_INFORMATION_FORMAT = "dwarf-with-dsym";
				ENABLE_NS_ASSERTIONS = NO;
				ENABLE_STRICT_OBJC_MSGSEND = YES;
				GCC_C_LANGUAGE_STANDARD = gnu11;
				GCC_NO_COMMON_BLOCKS = YES;
				GCC_WARN_64_TO_32_BIT_CONVERSION = YES;
				GCC_WARN_ABOUT_RETURN_TYPE = YES_ERROR;
				GCC_WARN_UNDECLARED_SELECTOR = YES;
				GCC_WARN_UNINITIALIZED_AUTOS = YES_AGGRESSIVE;
				GCC_WARN_UNUSED_FUNCTION = YES;
				GCC_WARN_UNUSED_VARIABLE = YES;
				IPHONEOS_DEPLOYMENT_TARGET = 11.1;
				MTL_ENABLE_DEBUG_INFO = NO;
				SDKROOT = iphoneos;
				SWIFT_OPTIMIZATION_LEVEL = "-Owholemodule";
				VALIDATE_PRODUCT = YES;
			};
			name = Release;
		};
		3D86076F1FD86CE2007E8431 /* Debug */ = {
			isa = XCBuildConfiguration;
			buildSettings = {
				ALWAYS_EMBED_SWIFT_STANDARD_LIBRARIES = YES;
				ASSETCATALOG_COMPILER_APPICON_NAME = AppIcon;
				CODE_SIGN_STYLE = Automatic;
				DEVELOPMENT_TEAM = R29C4AWJVL;
				IBSC_MODULE = watch_demo_Extension;
				INFOPLIST_FILE = "watch-demo/Info.plist";
				PRODUCT_BUNDLE_IDENTIFIER = com.chdzq.tech.KingfisherTest.watchkitapp;
				PRODUCT_NAME = "$(TARGET_NAME)";
				SDKROOT = watchos;
				SKIP_INSTALL = YES;
				SWIFT_VERSION = 4.0;
				TARGETED_DEVICE_FAMILY = 4;
				WATCHOS_DEPLOYMENT_TARGET = 4.1;
			};
			name = Debug;
		};
		3D8607701FD86CE2007E8431 /* Release */ = {
			isa = XCBuildConfiguration;
			buildSettings = {
				ALWAYS_EMBED_SWIFT_STANDARD_LIBRARIES = YES;
				ASSETCATALOG_COMPILER_APPICON_NAME = AppIcon;
				CODE_SIGN_STYLE = Automatic;
				DEVELOPMENT_TEAM = R29C4AWJVL;
				IBSC_MODULE = watch_demo_Extension;
				INFOPLIST_FILE = "watch-demo/Info.plist";
				PRODUCT_BUNDLE_IDENTIFIER = com.chdzq.tech.KingfisherTest.watchkitapp;
				PRODUCT_NAME = "$(TARGET_NAME)";
				SDKROOT = watchos;
				SKIP_INSTALL = YES;
				SWIFT_VERSION = 4.0;
				TARGETED_DEVICE_FAMILY = 4;
				WATCHOS_DEPLOYMENT_TARGET = 4.1;
			};
			name = Release;
		};
		3D8607711FD86CE2007E8431 /* Debug */ = {
			isa = XCBuildConfiguration;
			baseConfigurationReference = 5CBCA2926AE010A16A02D986 /* Pods-watch-demo Extension.debug.xcconfig */;
			buildSettings = {
				ASSETCATALOG_COMPILER_COMPLICATION_NAME = Complication;
				CODE_SIGN_STYLE = Automatic;
				DEVELOPMENT_TEAM = R29C4AWJVL;
				INFOPLIST_FILE = "watch-demo Extension/Info.plist";
				LD_RUNPATH_SEARCH_PATHS = "$(inherited) @executable_path/Frameworks @executable_path/../../Frameworks";
				PRODUCT_BUNDLE_IDENTIFIER = com.chdzq.tech.KingfisherTest.watchkitapp.watchkitextension;
				PRODUCT_NAME = "${TARGET_NAME}";
				SDKROOT = watchos;
				SKIP_INSTALL = YES;
				SWIFT_VERSION = 4.0;
				TARGETED_DEVICE_FAMILY = 4;
				WATCHOS_DEPLOYMENT_TARGET = 4.1;
			};
			name = Debug;
		};
		3D8607721FD86CE2007E8431 /* Release */ = {
			isa = XCBuildConfiguration;
			baseConfigurationReference = 672B565040416202C01B0518 /* Pods-watch-demo Extension.release.xcconfig */;
			buildSettings = {
				ASSETCATALOG_COMPILER_COMPLICATION_NAME = Complication;
				CODE_SIGN_STYLE = Automatic;
				DEVELOPMENT_TEAM = R29C4AWJVL;
				INFOPLIST_FILE = "watch-demo Extension/Info.plist";
				LD_RUNPATH_SEARCH_PATHS = "$(inherited) @executable_path/Frameworks @executable_path/../../Frameworks";
				PRODUCT_BUNDLE_IDENTIFIER = com.chdzq.tech.KingfisherTest.watchkitapp.watchkitextension;
				PRODUCT_NAME = "${TARGET_NAME}";
				SDKROOT = watchos;
				SKIP_INSTALL = YES;
				SWIFT_VERSION = 4.0;
				TARGETED_DEVICE_FAMILY = 4;
				WATCHOS_DEPLOYMENT_TARGET = 4.1;
			};
			name = Release;
		};
		3D86078A1FD86F47007E8431 /* Debug */ = {
			isa = XCBuildConfiguration;
			baseConfigurationReference = B368B91DE38202E20218B891 /* Pods-ios-demo.debug.xcconfig */;
			buildSettings = {
				ASSETCATALOG_COMPILER_APPICON_NAME = AppIcon;
				CODE_SIGN_STYLE = Automatic;
				DEVELOPMENT_TEAM = R29C4AWJVL;
				INFOPLIST_FILE = "ios-demo/Info.plist";
				LD_RUNPATH_SEARCH_PATHS = "$(inherited) @executable_path/Frameworks";
				PRODUCT_BUNDLE_IDENTIFIER = "com.chdzq.tech.ios-demo";
				PRODUCT_NAME = "$(TARGET_NAME)";
				SWIFT_VERSION = 4.0;
				TARGETED_DEVICE_FAMILY = "1,2";
			};
			name = Debug;
		};
		3D86078B1FD86F47007E8431 /* Release */ = {
			isa = XCBuildConfiguration;
			baseConfigurationReference = 88ACAAD331FA7800FA53404D /* Pods-ios-demo.release.xcconfig */;
			buildSettings = {
				ASSETCATALOG_COMPILER_APPICON_NAME = AppIcon;
				CODE_SIGN_STYLE = Automatic;
				DEVELOPMENT_TEAM = R29C4AWJVL;
				INFOPLIST_FILE = "ios-demo/Info.plist";
				LD_RUNPATH_SEARCH_PATHS = "$(inherited) @executable_path/Frameworks";
				PRODUCT_BUNDLE_IDENTIFIER = "com.chdzq.tech.ios-demo";
				PRODUCT_NAME = "$(TARGET_NAME)";
				SWIFT_VERSION = 4.0;
				TARGETED_DEVICE_FAMILY = "1,2";
			};
			name = Release;
		};
		3D86079F1FD87053007E8431 /* Debug */ = {
			isa = XCBuildConfiguration;
			baseConfigurationReference = CADD284465FAE40AAE7836DB /* Pods-mac-demo.debug.xcconfig */;
			buildSettings = {
				ASSETCATALOG_COMPILER_APPICON_NAME = AppIcon;
				CODE_SIGN_ENTITLEMENTS = "mac-demo/mac_demo.entitlements";
				CODE_SIGN_IDENTITY = "Mac Developer";
				CODE_SIGN_STYLE = Automatic;
				COMBINE_HIDPI_IMAGES = YES;
				DEVELOPMENT_TEAM = R29C4AWJVL;
				INFOPLIST_FILE = "mac-demo/Info.plist";
				LD_RUNPATH_SEARCH_PATHS = "$(inherited) @executable_path/../Frameworks";
				MACOSX_DEPLOYMENT_TARGET = 10.13;
				PRODUCT_BUNDLE_IDENTIFIER = "com.chdzq.tech.mac-demo";
				PRODUCT_NAME = "$(TARGET_NAME)";
				SDKROOT = macosx;
				SWIFT_VERSION = 4.0;
			};
			name = Debug;
		};
		3D8607A01FD87053007E8431 /* Release */ = {
			isa = XCBuildConfiguration;
			baseConfigurationReference = 16862D3334B7E3237D99CB37 /* Pods-mac-demo.release.xcconfig */;
			buildSettings = {
				ASSETCATALOG_COMPILER_APPICON_NAME = AppIcon;
				CODE_SIGN_ENTITLEMENTS = "mac-demo/mac_demo.entitlements";
				CODE_SIGN_IDENTITY = "Mac Developer";
				CODE_SIGN_STYLE = Automatic;
				COMBINE_HIDPI_IMAGES = YES;
				DEVELOPMENT_TEAM = R29C4AWJVL;
				INFOPLIST_FILE = "mac-demo/Info.plist";
				LD_RUNPATH_SEARCH_PATHS = "$(inherited) @executable_path/../Frameworks";
				MACOSX_DEPLOYMENT_TARGET = 10.13;
				PRODUCT_BUNDLE_IDENTIFIER = "com.chdzq.tech.mac-demo";
				PRODUCT_NAME = "$(TARGET_NAME)";
				SDKROOT = macosx;
				SWIFT_VERSION = 4.0;
			};
			name = Release;
		};
		3DB4FF571FD872DC00919CB6 /* Debug */ = {
			isa = XCBuildConfiguration;
			baseConfigurationReference = 1A4FADF2ABD12597035EB609 /* Pods-tv-demo.debug.xcconfig */;
			buildSettings = {
				ASSETCATALOG_COMPILER_APPICON_NAME = "App Icon & Top Shelf Image";
				ASSETCATALOG_COMPILER_LAUNCHIMAGE_NAME = LaunchImage;
				CODE_SIGN_STYLE = Automatic;
				DEVELOPMENT_TEAM = R29C4AWJVL;
				INFOPLIST_FILE = "tv-demo/Info.plist";
				LD_RUNPATH_SEARCH_PATHS = "$(inherited) @executable_path/Frameworks";
				PRODUCT_BUNDLE_IDENTIFIER = "com.chdzq.tech.tv-demo";
				PRODUCT_NAME = "$(TARGET_NAME)";
				SDKROOT = appletvos;
				SWIFT_VERSION = 4.0;
				TARGETED_DEVICE_FAMILY = 3;
				TVOS_DEPLOYMENT_TARGET = 11.1;
			};
			name = Debug;
		};
		3DB4FF581FD872DC00919CB6 /* Release */ = {
			isa = XCBuildConfiguration;
			baseConfigurationReference = 6D298D3FA935FA0BF3203CD6 /* Pods-tv-demo.release.xcconfig */;
			buildSettings = {
				ASSETCATALOG_COMPILER_APPICON_NAME = "App Icon & Top Shelf Image";
				ASSETCATALOG_COMPILER_LAUNCHIMAGE_NAME = LaunchImage;
				CODE_SIGN_STYLE = Automatic;
				DEVELOPMENT_TEAM = R29C4AWJVL;
				INFOPLIST_FILE = "tv-demo/Info.plist";
				LD_RUNPATH_SEARCH_PATHS = "$(inherited) @executable_path/Frameworks";
				PRODUCT_BUNDLE_IDENTIFIER = "com.chdzq.tech.tv-demo";
				PRODUCT_NAME = "$(TARGET_NAME)";
				SDKROOT = appletvos;
				SWIFT_VERSION = 4.0;
				TARGETED_DEVICE_FAMILY = 3;
				TVOS_DEPLOYMENT_TARGET = 11.1;
			};
			name = Release;
		};
/* End XCBuildConfiguration section */

/* Begin XCConfigurationList section */
		3D8607351FD86B8B007E8431 /* Build configuration list for PBXProject "KingfisherTest" */ = {
			isa = XCConfigurationList;
			buildConfigurations = (
				3D86074A1FD86B8B007E8431 /* Debug */,
				3D86074B1FD86B8B007E8431 /* Release */,
			);
			defaultConfigurationIsVisible = 0;
			defaultConfigurationName = Release;
		};
		3D8607731FD86CE2007E8431 /* Build configuration list for PBXNativeTarget "watch-demo Extension" */ = {
			isa = XCConfigurationList;
			buildConfigurations = (
				3D8607711FD86CE2007E8431 /* Debug */,
				3D8607721FD86CE2007E8431 /* Release */,
			);
			defaultConfigurationIsVisible = 0;
			defaultConfigurationName = Release;
		};
		3D8607751FD86CE2007E8431 /* Build configuration list for PBXNativeTarget "watch-demo" */ = {
			isa = XCConfigurationList;
			buildConfigurations = (
				3D86076F1FD86CE2007E8431 /* Debug */,
				3D8607701FD86CE2007E8431 /* Release */,
			);
			defaultConfigurationIsVisible = 0;
			defaultConfigurationName = Release;
		};
		3D86078C1FD86F47007E8431 /* Build configuration list for PBXNativeTarget "ios-demo" */ = {
			isa = XCConfigurationList;
			buildConfigurations = (
				3D86078A1FD86F47007E8431 /* Debug */,
				3D86078B1FD86F47007E8431 /* Release */,
			);
			defaultConfigurationIsVisible = 0;
			defaultConfigurationName = Release;
		};
		3D86079E1FD87053007E8431 /* Build configuration list for PBXNativeTarget "mac-demo" */ = {
			isa = XCConfigurationList;
			buildConfigurations = (
				3D86079F1FD87053007E8431 /* Debug */,
				3D8607A01FD87053007E8431 /* Release */,
			);
			defaultConfigurationIsVisible = 0;
			defaultConfigurationName = Release;
		};
		3DB4FF591FD872DC00919CB6 /* Build configuration list for PBXNativeTarget "tv-demo" */ = {
			isa = XCConfigurationList;
			buildConfigurations = (
				3DB4FF571FD872DC00919CB6 /* Debug */,
				3DB4FF581FD872DC00919CB6 /* Release */,
			);
			defaultConfigurationIsVisible = 0;
			defaultConfigurationName = Release;
		};
/* End XCConfigurationList section */
	};
	rootObject = 3D8607321FD86B8B007E8431 /* Project object */;
}
